# THIS IS AN AUTOGENERATED FILE. DO NOT EDIT THIS FILE DIRECTLY.
# yarn lockfile v1


"@jest/types@^25.1.0":
  version "25.1.0"
  resolved "https://registry.yarnpkg.com/@jest/types/-/types-25.1.0.tgz#b26831916f0d7c381e11dbb5e103a72aed1b4395"
  dependencies:
    "@types/istanbul-lib-coverage" "^2.0.0"
    "@types/istanbul-reports" "^1.1.1"
    "@types/yargs" "^15.0.0"
    chalk "^3.0.0"

"@types/color-name@^1.1.1":
  version "1.1.1"
  resolved "https://registry.yarnpkg.com/@types/color-name/-/color-name-1.1.1.tgz#1c1261bbeaa10a8055bbc5d8ab84b7b2afc846a0"

"@types/istanbul-lib-coverage@*", "@types/istanbul-lib-coverage@^2.0.0":
  version "2.0.1"
  resolved "https://registry.yarnpkg.com/@types/istanbul-lib-coverage/-/istanbul-lib-coverage-2.0.1.tgz#42995b446db9a48a11a07ec083499a860e9138ff"

"@types/istanbul-lib-report@*":
  version "3.0.0"
  resolved "https://registry.yarnpkg.com/@types/istanbul-lib-report/-/istanbul-lib-report-3.0.0.tgz#c14c24f18ea8190c118ee7562b7ff99a36552686"
  dependencies:
    "@types/istanbul-lib-coverage" "*"

"@types/istanbul-reports@^1.1.1":
  version "1.1.1"
  resolved "https://registry.yarnpkg.com/@types/istanbul-reports/-/istanbul-reports-1.1.1.tgz#7a8cbf6a406f36c8add871625b278eaf0b0d255a"
  dependencies:
    "@types/istanbul-lib-coverage" "*"
    "@types/istanbul-lib-report" "*"

"@types/jest@^25.1.4":
  version "25.1.4"
  resolved "https://registry.yarnpkg.com/@types/jest/-/jest-25.1.4.tgz#9e9f1e59dda86d3fd56afce71d1ea1b331f6f760"
  dependencies:
    jest-diff "^25.1.0"
    pretty-format "^25.1.0"

"@types/node@^13.9.2":
  version "13.9.2"
  resolved "https://registry.yarnpkg.com/@types/node/-/node-13.9.2.tgz#ace1880c03594cc3e80206d96847157d8e7fa349"

"@types/prop-types@*":
  version "15.7.3"
  resolved "https://registry.yarnpkg.com/@types/prop-types/-/prop-types-15.7.3.tgz#2ab0d5da2e5815f94b0b9d4b95d1e5f243ab2ca7"

"@types/react-dom@^16.9.5":
  version "16.9.5"
  resolved "https://registry.yarnpkg.com/@types/react-dom/-/react-dom-16.9.5.tgz#5de610b04a35d07ffd8f44edad93a71032d9aaa7"
  dependencies:
    "@types/react" "*"

"@types/react@*", "@types/react@^16.9.25":
  version "16.9.25"
  resolved "https://registry.yarnpkg.com/@types/react/-/react-16.9.25.tgz#6ae2159b40138c792058a23c3c04fd3db49e929e"
  dependencies:
    "@types/prop-types" "*"
    csstype "^2.2.0"

"@types/yargs-parser@*":
  version "15.0.0"
  resolved "https://registry.yarnpkg.com/@types/yargs-parser/-/yargs-parser-15.0.0.tgz#cb3f9f741869e20cce330ffbeb9271590483882d"

"@types/yargs@^15.0.0":
  version "15.0.4"
  resolved "https://registry.yarnpkg.com/@types/yargs/-/yargs-15.0.4.tgz#7e5d0f8ca25e9d5849f2ea443cf7c402decd8299"
  dependencies:
    "@types/yargs-parser" "*"

ansi-regex@^5.0.0:
  version "5.0.0"
  resolved "https://registry.yarnpkg.com/ansi-regex/-/ansi-regex-5.0.0.tgz#388539f55179bf39339c81af30a654d69f87cb75"

ansi-styles@^4.0.0, ansi-styles@^4.1.0:
  version "4.2.1"
  resolved "https://registry.yarnpkg.com/ansi-styles/-/ansi-styles-4.2.1.tgz#90ae75c424d008d2624c5bf29ead3177ebfcf359"
  dependencies:
    "@types/color-name" "^1.1.1"
    color-convert "^2.0.1"

chalk@^3.0.0:
  version "3.0.0"
  resolved "https://registry.yarnpkg.com/chalk/-/chalk-3.0.0.tgz#3f73c2bf526591f574cc492c51e2456349f844e4"
  dependencies:
    ansi-styles "^4.1.0"
    supports-color "^7.1.0"

color-convert@^2.0.1:
  version "2.0.1"
  resolved "https://registry.yarnpkg.com/color-convert/-/color-convert-2.0.1.tgz#72d3a68d598c9bdb3af2ad1e84f21d896abd4de3"
  dependencies:
    color-name "~1.1.4"

color-name@~1.1.4:
  version "1.1.4"
  resolved "https://registry.yarnpkg.com/color-name/-/color-name-1.1.4.tgz#c2a09a87acbde69543de6f63fa3995c826c536a2"

csstype@^2.2.0:
  version "2.6.9"
  resolved "https://registry.yarnpkg.com/csstype/-/csstype-2.6.9.tgz#05141d0cd557a56b8891394c1911c40c8a98d098"

diff-sequences@^25.1.0:
  version "25.1.0"
  resolved "https://registry.yarnpkg.com/diff-sequences/-/diff-sequences-25.1.0.tgz#fd29a46f1c913fd66c22645dc75bffbe43051f32"

has-flag@^4.0.0:
  version "4.0.0"
  resolved "https://registry.yarnpkg.com/has-flag/-/has-flag-4.0.0.tgz#944771fd9c81c81265c4d6941860da06bb59479b"

jest-diff@^25.1.0:
  version "25.1.0"
  resolved "https://registry.yarnpkg.com/jest-diff/-/jest-diff-25.1.0.tgz#58b827e63edea1bc80c1de952b80cec9ac50e1ad"
  dependencies:
    chalk "^3.0.0"
    diff-sequences "^25.1.0"
    jest-get-type "^25.1.0"
    pretty-format "^25.1.0"

jest-get-type@^25.1.0:
  version "25.1.0"
  resolved "https://registry.yarnpkg.com/jest-get-type/-/jest-get-type-25.1.0.tgz#1cfe5fc34f148dc3a8a3b7275f6b9ce9e2e8a876"

pretty-format@^25.1.0:
  version "25.1.0"
  resolved "https://registry.yarnpkg.com/pretty-format/-/pretty-format-25.1.0.tgz#ed869bdaec1356fc5ae45de045e2c8ec7b07b0c8"
  dependencies:
    "@jest/types" "^25.1.0"
    ansi-regex "^5.0.0"
    ansi-styles "^4.0.0"
    react-is "^16.12.0"

react-is@^16.12.0:
  version "16.13.1"
  resolved "https://registry.yarnpkg.com/react-is/-/react-is-16.13.1.tgz#789729a4dc36de2999dc156dd6c1d9c18cea56a4"

supports-color@^7.1.0:
  version "7.1.0"
  resolved "https://registry.yarnpkg.com/supports-color/-/supports-color-7.1.0.tgz#68e32591df73e25ad1c4b49108a2ec507962bfd1"
  dependencies:
    has-flag "^4.0.0"

typescript@^3.8.3:
  version "3.8.3"
  resolved "https://registry.yarnpkg.com/typescript/-/typescript-3.8.3.tgz#409eb8544ea0335711205869ec458ab109ee1061"
